
Microsoft Visual Studio Solution File, Format Version 12.00
# Visual Studio Version 16
VisualStudioVersion = 16.0.31410.357
MinimumVisualStudioVersion = 10.0.40219.1
Project("{9A19103F-16F7-4668-BE54-9A1E7A4F7556}") = "JudgerForDiningPhilosophers", "JudgerForDiningPhilosophers\JudgerForDiningPhilosophers.csproj", "{19B8FADD-65BC-478B-9693-05E041B00819}"
EndProject
Project("{9A19103F-16F7-4668-BE54-9A1E7A4F7556}") = "DiningPhilosophers", "DiningPhilosophers\DiningPhilosophers.csproj", "{148B101B-E941-4273-B5C1-7AFF8D8DA2D0}"
EndProject
Project("{2150E333-8FDC-42A3-9474-1A3956D46DE8}") = "DiningPhilisophersProblem", "DiningPhilisophersProblem", "{BF158188-BF69-4EBB-9AE2-2F8ECF3991A7}"
EndProject
Global
	GlobalSection(SolutionConfigurationPlatforms) = preSolution
		Debug|Any CPU = Debug|Any CPU
		Release|Any CPU = Release|Any CPU
	EndGlobalSection
	GlobalSection(ProjectConfigurationPlatforms) = postSolution
		{19B8FADD-65BC-478B-9693-05E041B00819}.Debug|Any CPU.ActiveCfg = Debug|Any CPU
		{19B8FADD-65BC-478B-9693-05E041B00819}.Debug|Any CPU.Build.0 = Debug|Any CPU
		{19B8FADD-65BC-478B-9693-05E041B00819}.Release|Any CPU.ActiveCfg = Release|Any CPU
		{19B8FADD-65BC-478B-9693-05E041B00819}.Release|Any CPU.Build.0 = Release|Any CPU
		{148B101B-E941-4273-B5C1-7AFF8D8DA2D0}.Debug|Any CPU.ActiveCfg = Debug|Any CPU
		{148B101B-E941-4273-B5C1-7AFF8D8DA2D0}.Debug|Any CPU.Build.0 = Debug|Any CPU
		{148B101B-E941-4273-B5C1-7AFF8D8DA2D0}.Release|Any CPU.ActiveCfg = Release|Any CPU
		{148B101B-E941-4273-B5C1-7AFF8D8DA2D0}.Release|Any CPU.Build.0 = Release|Any CPU
	EndGlobalSection
	GlobalSection(SolutionProperties) = preSolution
		HideSolutionNode = FALSE
	EndGlobalSection
	GlobalSection(NestedProjects) = preSolution
		{19B8FADD-65BC-478B-9693-05E041B00819} = {BF158188-BF69-4EBB-9AE2-2F8ECF3991A7}
		{148B101B-E941-4273-B5C1-7AFF8D8DA2D0} = {BF158188-BF69-4EBB-9AE2-2F8ECF3991A7}
	EndGlobalSection
	GlobalSection(ExtensibilityGlobals) = postSolution
		SolutionGuid = {918E5C13-48FF-455F-9D5F-97138BA71592}
	EndGlobalSection
EndGlobal
